
Microsoft Visual Studio Solution File, Format Version 12.00
Project("{2150E333-8FDC-42A3-9474-1A3956D46DE8}") = "Clients", "Clients", "{95F1F58B-CA22-49E9-A0F6-514FE1E66DB3}"
EndProject
Project("{FAE04EC0-301F-11D3-BF4B-00C04F79EFBC}") = "BlueChainClient", "BlueChainClient\BlueChainClient.csproj", "{E51BB735-207F-440F-B895-96C38DF493F7}"
EndProject
Project("{FAE04EC0-301F-11D3-BF4B-00C04F79EFBC}") = "BlueChainClientCLI", "BlueChainClientCLI\BlueChainClientCLI.csproj", "{6B9ECB59-F0E0-4B45-AE99-4B97C06C2A6D}"
EndProject
Project("{2150E333-8FDC-42A3-9474-1A3956D46DE8}") = "Nodes", "Nodes", "{5929AB6E-E642-42ED-B88A-0C9D4191C8EE}"
EndProject
Project("{FAE04EC0-301F-11D3-BF4B-00C04F79EFBC}") = "BlueChainNode", "BlueChainNode\BlueChainNode.csproj", "{8B329360-B3EF-46A4-A650-AD0415E2FE43}"
EndProject
Project("{FAE04EC0-301F-11D3-BF4B-00C04F79EFBC}") = "BlueChainShared", "BlueChainShared\BlueChainShared.csproj", "{36353F20-2C2E-4596-B26D-FDEEDEFD5EC0}"
EndProject
Global
	GlobalSection(SolutionConfigurationPlatforms) = preSolution
		Debug|Any CPU = Debug|Any CPU
		Release|Any CPU = Release|Any CPU
	EndGlobalSection
	GlobalSection(NestedProjects) = preSolution
		{E51BB735-207F-440F-B895-96C38DF493F7} = {95F1F58B-CA22-49E9-A0F6-514FE1E66DB3}
		{6B9ECB59-F0E0-4B45-AE99-4B97C06C2A6D} = {95F1F58B-CA22-49E9-A0F6-514FE1E66DB3}
		{8B329360-B3EF-46A4-A650-AD0415E2FE43} = {5929AB6E-E642-42ED-B88A-0C9D4191C8EE}
	EndGlobalSection
	GlobalSection(ProjectConfigurationPlatforms) = postSolution
		{E51BB735-207F-440F-B895-96C38DF493F7}.Debug|Any CPU.ActiveCfg = Debug|Any CPU
		{E51BB735-207F-440F-B895-96C38DF493F7}.Debug|Any CPU.Build.0 = Debug|Any CPU
		{E51BB735-207F-440F-B895-96C38DF493F7}.Release|Any CPU.ActiveCfg = Release|Any CPU
		{E51BB735-207F-440F-B895-96C38DF493F7}.Release|Any CPU.Build.0 = Release|Any CPU
		{6B9ECB59-F0E0-4B45-AE99-4B97C06C2A6D}.Debug|Any CPU.ActiveCfg = Debug|Any CPU
		{6B9ECB59-F0E0-4B45-AE99-4B97C06C2A6D}.Debug|Any CPU.Build.0 = Debug|Any CPU
		{6B9ECB59-F0E0-4B45-AE99-4B97C06C2A6D}.Release|Any CPU.ActiveCfg = Release|Any CPU
		{6B9ECB59-F0E0-4B45-AE99-4B97C06C2A6D}.Release|Any CPU.Build.0 = Release|Any CPU
		{8B329360-B3EF-46A4-A650-AD0415E2FE43}.Debug|Any CPU.ActiveCfg = Debug|Any CPU
		{8B329360-B3EF-46A4-A650-AD0415E2FE43}.Debug|Any CPU.Build.0 = Debug|Any CPU
		{8B329360-B3EF-46A4-A650-AD0415E2FE43}.Release|Any CPU.ActiveCfg = Release|Any CPU
		{8B329360-B3EF-46A4-A650-AD0415E2FE43}.Release|Any CPU.Build.0 = Release|Any CPU
		{36353F20-2C2E-4596-B26D-FDEEDEFD5EC0}.Debug|Any CPU.ActiveCfg = Debug|Any CPU
		{36353F20-2C2E-4596-B26D-FDEEDEFD5EC0}.Debug|Any CPU.Build.0 = Debug|Any CPU
		{36353F20-2C2E-4596-B26D-FDEEDEFD5EC0}.Release|Any CPU.ActiveCfg = Release|Any CPU
		{36353F20-2C2E-4596-B26D-FDEEDEFD5EC0}.Release|Any CPU.Build.0 = Release|Any CPU
	EndGlobalSection
EndGlobal
